
Microsoft Visual Studio Solution File, Format Version 11.00
# Visual Studio 2010
Project("{FAE04EC0-301F-11D3-BF4B-00C04F79EFBC}") = "GameLibrary", "GameLibrary\Code\GameLibrary.csproj", "{D72892AD-A062-430D-851B-624FE5BC4AAC}"
EndProject
Project("{FAE04EC0-301F-11D3-BF4B-00C04F79EFBC}") = "GameLibrary.Testing", "GameLibrary.Testing\Code\GameLibrary.Testing.csproj", "{F2FB363D-B70B-41FC-A0AA-14808CAAF65D}"
EndProject
Global
	GlobalSection(SolutionConfigurationPlatforms) = preSolution
		Debug|x86 = Debug|x86
		Release|x86 = Release|x86
	EndGlobalSection
	GlobalSection(ProjectConfigurationPlatforms) = postSolution
		{D72892AD-A062-430D-851B-624FE5BC4AAC}.Debug|x86.ActiveCfg = Debug|x86
		{D72892AD-A062-430D-851B-624FE5BC4AAC}.Debug|x86.Build.0 = Debug|x86
		{D72892AD-A062-430D-851B-624FE5BC4AAC}.Release|x86.ActiveCfg = Release|x86
		{D72892AD-A062-430D-851B-624FE5BC4AAC}.Release|x86.Build.0 = Release|x86
		{F2FB363D-B70B-41FC-A0AA-14808CAAF65D}.Debug|x86.ActiveCfg = Debug|x86
		{F2FB363D-B70B-41FC-A0AA-14808CAAF65D}.Debug|x86.Build.0 = Debug|x86
		{F2FB363D-B70B-41FC-A0AA-14808CAAF65D}.Release|x86.ActiveCfg = Release|x86
		{F2FB363D-B70B-41FC-A0AA-14808CAAF65D}.Release|x86.Build.0 = Release|x86
	EndGlobalSection
	GlobalSection(SolutionProperties) = preSolution
		HideSolutionNode = FALSE
	EndGlobalSection
EndGlobal
